
Microsoft Visual Studio Solution File, Format Version 12.00
# Visual Studio 15
VisualStudioVersion = 15.0.26124.0
MinimumVisualStudioVersion = 15.0.26124.0
Project("{FAE04EC0-301F-11D3-BF4B-00C04F79EFBC}") = "SagaTheFlow.Startup", "SagaTheFlow.Startup\SagaTheFlow.Startup.csproj", "{8BC841E2-0EA9-4720-A730-CAC7653A91B2}"
EndProject
Project("{FAE04EC0-301F-11D3-BF4B-00C04F79EFBC}") = "SagaTheFlow.API", "SagaTheFlow.API\SagaTheFlow.API.csproj", "{3DF51F3A-0889-429D-A7B5-2A15DC9202AA}"
EndProject
Project("{FAE04EC0-301F-11D3-BF4B-00C04F79EFBC}") = "SagaTheFlow.Contracts", "SagaTheFlow.Contracts\SagaTheFlow.Contracts.csproj", "{29D1E003-EC0E-4155-B878-9AD92FB66D12}"
EndProject
Project("{FAE04EC0-301F-11D3-BF4B-00C04F79EFBC}") = "SagaTheFlow.TheFlow", "SagaTheFlow.TheFlow\SagaTheFlow.TheFlow.csproj", "{1BC066DD-5BF2-448E-8938-F6226ECF5222}"
EndProject
Global
	GlobalSection(SolutionConfigurationPlatforms) = preSolution
		Debug|Any CPU = Debug|Any CPU
		Debug|x64 = Debug|x64
		Debug|x86 = Debug|x86
		Release|Any CPU = Release|Any CPU
		Release|x64 = Release|x64
		Release|x86 = Release|x86
	EndGlobalSection
	GlobalSection(SolutionProperties) = preSolution
		HideSolutionNode = FALSE
	EndGlobalSection
	GlobalSection(ProjectConfigurationPlatforms) = postSolution
		{8BC841E2-0EA9-4720-A730-CAC7653A91B2}.Debug|Any CPU.ActiveCfg = Debug|Any CPU
		{8BC841E2-0EA9-4720-A730-CAC7653A91B2}.Debug|Any CPU.Build.0 = Debug|Any CPU
		{8BC841E2-0EA9-4720-A730-CAC7653A91B2}.Debug|x64.ActiveCfg = Debug|Any CPU
		{8BC841E2-0EA9-4720-A730-CAC7653A91B2}.Debug|x64.Build.0 = Debug|Any CPU
		{8BC841E2-0EA9-4720-A730-CAC7653A91B2}.Debug|x86.ActiveCfg = Debug|Any CPU
		{8BC841E2-0EA9-4720-A730-CAC7653A91B2}.Debug|x86.Build.0 = Debug|Any CPU
		{8BC841E2-0EA9-4720-A730-CAC7653A91B2}.Release|Any CPU.ActiveCfg = Release|Any CPU
		{8BC841E2-0EA9-4720-A730-CAC7653A91B2}.Release|Any CPU.Build.0 = Release|Any CPU
		{8BC841E2-0EA9-4720-A730-CAC7653A91B2}.Release|x64.ActiveCfg = Release|Any CPU
		{8BC841E2-0EA9-4720-A730-CAC7653A91B2}.Release|x64.Build.0 = Release|Any CPU
		{8BC841E2-0EA9-4720-A730-CAC7653A91B2}.Release|x86.ActiveCfg = Release|Any CPU
		{8BC841E2-0EA9-4720-A730-CAC7653A91B2}.Release|x86.Build.0 = Release|Any CPU
		{3DF51F3A-0889-429D-A7B5-2A15DC9202AA}.Debug|Any CPU.ActiveCfg = Debug|Any CPU
		{3DF51F3A-0889-429D-A7B5-2A15DC9202AA}.Debug|Any CPU.Build.0 = Debug|Any CPU
		{3DF51F3A-0889-429D-A7B5-2A15DC9202AA}.Debug|x64.ActiveCfg = Debug|Any CPU
		{3DF51F3A-0889-429D-A7B5-2A15DC9202AA}.Debug|x64.Build.0 = Debug|Any CPU
		{3DF51F3A-0889-429D-A7B5-2A15DC9202AA}.Debug|x86.ActiveCfg = Debug|Any CPU
		{3DF51F3A-0889-429D-A7B5-2A15DC9202AA}.Debug|x86.Build.0 = Debug|Any CPU
		{3DF51F3A-0889-429D-A7B5-2A15DC9202AA}.Release|Any CPU.ActiveCfg = Release|Any CPU
		{3DF51F3A-0889-429D-A7B5-2A15DC9202AA}.Release|Any CPU.Build.0 = Release|Any CPU
		{3DF51F3A-0889-429D-A7B5-2A15DC9202AA}.Release|x64.ActiveCfg = Release|Any CPU
		{3DF51F3A-0889-429D-A7B5-2A15DC9202AA}.Release|x64.Build.0 = Release|Any CPU
		{3DF51F3A-0889-429D-A7B5-2A15DC9202AA}.Release|x86.ActiveCfg = Release|Any CPU
		{3DF51F3A-0889-429D-A7B5-2A15DC9202AA}.Release|x86.Build.0 = Release|Any CPU
		{29D1E003-EC0E-4155-B878-9AD92FB66D12}.Debug|Any CPU.ActiveCfg = Debug|Any CPU
		{29D1E003-EC0E-4155-B878-9AD92FB66D12}.Debug|Any CPU.Build.0 = Debug|Any CPU
		{29D1E003-EC0E-4155-B878-9AD92FB66D12}.Debug|x64.ActiveCfg = Debug|Any CPU
		{29D1E003-EC0E-4155-B878-9AD92FB66D12}.Debug|x64.Build.0 = Debug|Any CPU
		{29D1E003-EC0E-4155-B878-9AD92FB66D12}.Debug|x86.ActiveCfg = Debug|Any CPU
		{29D1E003-EC0E-4155-B878-9AD92FB66D12}.Debug|x86.Build.0 = Debug|Any CPU
		{29D1E003-EC0E-4155-B878-9AD92FB66D12}.Release|Any CPU.ActiveCfg = Release|Any CPU
		{29D1E003-EC0E-4155-B878-9AD92FB66D12}.Release|Any CPU.Build.0 = Release|Any CPU
		{29D1E003-EC0E-4155-B878-9AD92FB66D12}.Release|x64.ActiveCfg = Release|Any CPU
		{29D1E003-EC0E-4155-B878-9AD92FB66D12}.Release|x64.Build.0 = Release|Any CPU
		{29D1E003-EC0E-4155-B878-9AD92FB66D12}.Release|x86.ActiveCfg = Release|Any CPU
		{29D1E003-EC0E-4155-B878-9AD92FB66D12}.Release|x86.Build.0 = Release|Any CPU
		{1BC066DD-5BF2-448E-8938-F6226ECF5222}.Debug|Any CPU.ActiveCfg = Debug|Any CPU
		{1BC066DD-5BF2-448E-8938-F6226ECF5222}.Debug|Any CPU.Build.0 = Debug|Any CPU
		{1BC066DD-5BF2-448E-8938-F6226ECF5222}.Debug|x64.ActiveCfg = Debug|Any CPU
		{1BC066DD-5BF2-448E-8938-F6226ECF5222}.Debug|x64.Build.0 = Debug|Any CPU
		{1BC066DD-5BF2-448E-8938-F6226ECF5222}.Debug|x86.ActiveCfg = Debug|Any CPU
		{1BC066DD-5BF2-448E-8938-F6226ECF5222}.Debug|x86.Build.0 = Debug|Any CPU
		{1BC066DD-5BF2-448E-8938-F6226ECF5222}.Release|Any CPU.ActiveCfg = Release|Any CPU
		{1BC066DD-5BF2-448E-8938-F6226ECF5222}.Release|Any CPU.Build.0 = Release|Any CPU
		{1BC066DD-5BF2-448E-8938-F6226ECF5222}.Release|x64.ActiveCfg = Release|Any CPU
		{1BC066DD-5BF2-448E-8938-F6226ECF5222}.Release|x64.Build.0 = Release|Any CPU
		{1BC066DD-5BF2-448E-8938-F6226ECF5222}.Release|x86.ActiveCfg = Release|Any CPU
		{1BC066DD-5BF2-448E-8938-F6226ECF5222}.Release|x86.Build.0 = Release|Any CPU
	EndGlobalSection
EndGlobal
